
Microsoft Visual Studio Solution File, Format Version 12.00
# Visual Studio 2013
VisualStudioVersion = 12.0.31101.0
MinimumVisualStudioVersion = 10.0.40219.1
Project("{CC5FD16D-436D-48AD-A40C-5A424C6E3E79}") = "MicrosoftDXGermany.hybrisOnAzure", "MicrosoftDXGermany.hybrisOnAzure\MicrosoftDXGermany.hybrisOnAzure.ccproj", "{F8D5DD80-FE0E-4E10-BF7C-8D6F6D011061}"
EndProject
Project("{FAE04EC0-301F-11D3-BF4B-00C04F79EFBC}") = "MicrosoftDXGermany.hybrisOnAzure.ArrRole", "MicrosoftDXGermany.hybrisOnAzure.ArrRole\MicrosoftDXGermany.hybrisOnAzure.ArrRole.csproj", "{78814B2B-8552-40CA-A30F-FA4E938BEE77}"
EndProject
Project("{FAE04EC0-301F-11D3-BF4B-00C04F79EFBC}") = "MicrosoftDXGermany.hybrisOnAzure.BackOfficeWorkerRole", "MicrosoftDXGermany.hybrisOnAzure.BackOfficeWorkerRole\MicrosoftDXGermany.hybrisOnAzure.BackOfficeWorkerRole.csproj", "{B9C8E96A-2AC7-4EE6-A004-4BFED0456B6B}"
EndProject
Project("{FAE04EC0-301F-11D3-BF4B-00C04F79EFBC}") = "MicrosoftDXGermany.hybrisOnAzure.Common", "MicrosoftDXGermany.hybrisOnAzure.Common\MicrosoftDXGermany.hybrisOnAzure.Common.csproj", "{B610504C-AFF3-4E15-B1C5-5EE1D284F2A1}"
EndProject
Project("{2150E333-8FDC-42A3-9474-1A3956D46DE8}") = "Solution Items", "Solution Items", "{2EEF371C-90F4-4B4F-85F9-08562E6FEA3B}"
	ProjectSection(SolutionItems) = preProject
		LICENSE.txt = LICENSE.txt
	EndProjectSection
EndProject
Project("{2150E333-8FDC-42A3-9474-1A3956D46DE8}") = "Run a JAR on startup", "Run a JAR on startup", "{3AB92771-0F5F-48C7-9884-F5BA2C2BDA1B}"
	ProjectSection(SolutionItems) = preProject
		Solution Items\Run a JAR on startup\README.txt = Solution Items\Run a JAR on startup\README.txt
		Solution Items\Run a JAR on startup\RunJar.cmd = Solution Items\Run a JAR on startup\RunJar.cmd
	EndProjectSection
EndProject
Project("{2150E333-8FDC-42A3-9474-1A3956D46DE8}") = "Additional Configuration", "Additional Configuration", "{E49A4795-92ED-40C2-80C7-FF106D648787}"
	ProjectSection(SolutionItems) = preProject
		Solution Items\Additional Configuration\configuration.xml = Solution Items\Additional Configuration\configuration.xml
		Solution Items\Additional Configuration\README.txt = Solution Items\Additional Configuration\README.txt
	EndProjectSection
EndProject
Project("{2150E333-8FDC-42A3-9474-1A3956D46DE8}") = "Application Request Routing", "Application Request Routing", "{C1D2BDA0-04D0-4B4F-9F00-89A9FFF753F8}"
	ProjectSection(SolutionItems) = preProject
		Solution Items\Application Request Routing\README.txt = Solution Items\Application Request Routing\README.txt
	EndProjectSection
EndProject
Project("{2150E333-8FDC-42A3-9474-1A3956D46DE8}") = "AzureFiles", "AzureFiles", "{D0B0AB92-6E85-4A91-B921-C78B76559B8C}"
	ProjectSection(SolutionItems) = preProject
		Solution Items\AzureFiles\ConnectAzureFiles.cmd = Solution Items\AzureFiles\ConnectAzureFiles.cmd
		Solution Items\AzureFiles\README.txt = Solution Items\AzureFiles\README.txt
	EndProjectSection
EndProject
Project("{2150E333-8FDC-42A3-9474-1A3956D46DE8}") = "Custom maintenance page", "Custom maintenance page", "{8CC4388A-0ADD-4D13-9FF3-40A65FEF9845}"
	ProjectSection(SolutionItems) = preProject
		Solution Items\Custom maintenance page\maintenance.html = Solution Items\Custom maintenance page\maintenance.html
		Solution Items\Custom maintenance page\README.txt = Solution Items\Custom maintenance page\README.txt
		Solution Items\Custom maintenance page\web.config = Solution Items\Custom maintenance page\web.config
	EndProjectSection
EndProject
Project("{2150E333-8FDC-42A3-9474-1A3956D46DE8}") = "Java Runtime", "Java Runtime", "{B587BEF0-ADEA-419F-85CA-9CCD2FB36258}"
	ProjectSection(SolutionItems) = preProject
		Solution Items\Java Runtime\README.txt = Solution Items\Java Runtime\README.txt
	EndProjectSection
EndProject
Project("{2150E333-8FDC-42A3-9474-1A3956D46DE8}") = "JDBC Driver", "JDBC Driver", "{08FD80BB-ED2F-4E3A-A4C2-2521C8C67B30}"
	ProjectSection(SolutionItems) = preProject
		Solution Items\JDBC Driver\JDBCSetup.cmd = Solution Items\JDBC Driver\JDBCSetup.cmd
		Solution Items\JDBC Driver\README.txt = Solution Items\JDBC Driver\README.txt
	EndProjectSection
EndProject
Project("{FAE04EC0-301F-11D3-BF4B-00C04F79EFBC}") = "MicrosoftDXGermany.hybrisOnAzure.FrontendWorkerRole", "MicrosoftDXGermany.hybrisOnAzure.FrondendWorkerRole\MicrosoftDXGermany.hybrisOnAzure.FrontendWorkerRole.csproj", "{039A0059-8BC8-40B6-AC67-EF8389763E57}"
EndProject
Project("{2150E333-8FDC-42A3-9474-1A3956D46DE8}") = ".nuget", ".nuget", "{C53B130C-8D1E-474B-8746-D4DB6075B99B}"
	ProjectSection(SolutionItems) = preProject
		.nuget\NuGet.Config = .nuget\NuGet.Config
		.nuget\NuGet.exe = .nuget\NuGet.exe
		.nuget\NuGet.targets = .nuget\NuGet.targets
	EndProjectSection
EndProject
Global
	GlobalSection(SolutionConfigurationPlatforms) = preSolution
		Debug|Any CPU = Debug|Any CPU
		Release|Any CPU = Release|Any CPU
		x64|Any CPU = x64|Any CPU
	EndGlobalSection
	GlobalSection(ProjectConfigurationPlatforms) = postSolution
		{F8D5DD80-FE0E-4E10-BF7C-8D6F6D011061}.Debug|Any CPU.ActiveCfg = Debug|Any CPU
		{F8D5DD80-FE0E-4E10-BF7C-8D6F6D011061}.Debug|Any CPU.Build.0 = Debug|Any CPU
		{F8D5DD80-FE0E-4E10-BF7C-8D6F6D011061}.Release|Any CPU.ActiveCfg = Release|Any CPU
		{F8D5DD80-FE0E-4E10-BF7C-8D6F6D011061}.Release|Any CPU.Build.0 = Release|Any CPU
		{F8D5DD80-FE0E-4E10-BF7C-8D6F6D011061}.x64|Any CPU.ActiveCfg = Release|Any CPU
		{F8D5DD80-FE0E-4E10-BF7C-8D6F6D011061}.x64|Any CPU.Build.0 = Release|Any CPU
		{78814B2B-8552-40CA-A30F-FA4E938BEE77}.Debug|Any CPU.ActiveCfg = Debug|Any CPU
		{78814B2B-8552-40CA-A30F-FA4E938BEE77}.Debug|Any CPU.Build.0 = Debug|Any CPU
		{78814B2B-8552-40CA-A30F-FA4E938BEE77}.Release|Any CPU.ActiveCfg = Release|Any CPU
		{78814B2B-8552-40CA-A30F-FA4E938BEE77}.Release|Any CPU.Build.0 = Release|Any CPU
		{78814B2B-8552-40CA-A30F-FA4E938BEE77}.x64|Any CPU.ActiveCfg = Release|Any CPU
		{78814B2B-8552-40CA-A30F-FA4E938BEE77}.x64|Any CPU.Build.0 = Release|Any CPU
		{B9C8E96A-2AC7-4EE6-A004-4BFED0456B6B}.Debug|Any CPU.ActiveCfg = Debug|Any CPU
		{B9C8E96A-2AC7-4EE6-A004-4BFED0456B6B}.Debug|Any CPU.Build.0 = Debug|Any CPU
		{B9C8E96A-2AC7-4EE6-A004-4BFED0456B6B}.Release|Any CPU.ActiveCfg = Release|Any CPU
		{B9C8E96A-2AC7-4EE6-A004-4BFED0456B6B}.Release|Any CPU.Build.0 = Release|Any CPU
		{B9C8E96A-2AC7-4EE6-A004-4BFED0456B6B}.x64|Any CPU.ActiveCfg = Release|Any CPU
		{B9C8E96A-2AC7-4EE6-A004-4BFED0456B6B}.x64|Any CPU.Build.0 = Release|Any CPU
		{B610504C-AFF3-4E15-B1C5-5EE1D284F2A1}.Debug|Any CPU.ActiveCfg = Debug|Any CPU
		{B610504C-AFF3-4E15-B1C5-5EE1D284F2A1}.Debug|Any CPU.Build.0 = Debug|Any CPU
		{B610504C-AFF3-4E15-B1C5-5EE1D284F2A1}.Release|Any CPU.ActiveCfg = Release|Any CPU
		{B610504C-AFF3-4E15-B1C5-5EE1D284F2A1}.Release|Any CPU.Build.0 = Release|Any CPU
		{B610504C-AFF3-4E15-B1C5-5EE1D284F2A1}.x64|Any CPU.ActiveCfg = Release|Any CPU
		{B610504C-AFF3-4E15-B1C5-5EE1D284F2A1}.x64|Any CPU.Build.0 = Release|Any CPU
		{039A0059-8BC8-40B6-AC67-EF8389763E57}.Debug|Any CPU.ActiveCfg = Debug|Any CPU
		{039A0059-8BC8-40B6-AC67-EF8389763E57}.Debug|Any CPU.Build.0 = Debug|Any CPU
		{039A0059-8BC8-40B6-AC67-EF8389763E57}.Release|Any CPU.ActiveCfg = Release|Any CPU
		{039A0059-8BC8-40B6-AC67-EF8389763E57}.Release|Any CPU.Build.0 = Release|Any CPU
		{039A0059-8BC8-40B6-AC67-EF8389763E57}.x64|Any CPU.ActiveCfg = Release|Any CPU
		{039A0059-8BC8-40B6-AC67-EF8389763E57}.x64|Any CPU.Build.0 = Release|Any CPU
	EndGlobalSection
	GlobalSection(SolutionProperties) = preSolution
		HideSolutionNode = FALSE
	EndGlobalSection
	GlobalSection(NestedProjects) = preSolution
		{3AB92771-0F5F-48C7-9884-F5BA2C2BDA1B} = {2EEF371C-90F4-4B4F-85F9-08562E6FEA3B}
		{E49A4795-92ED-40C2-80C7-FF106D648787} = {2EEF371C-90F4-4B4F-85F9-08562E6FEA3B}
		{C1D2BDA0-04D0-4B4F-9F00-89A9FFF753F8} = {2EEF371C-90F4-4B4F-85F9-08562E6FEA3B}
		{D0B0AB92-6E85-4A91-B921-C78B76559B8C} = {2EEF371C-90F4-4B4F-85F9-08562E6FEA3B}
		{8CC4388A-0ADD-4D13-9FF3-40A65FEF9845} = {2EEF371C-90F4-4B4F-85F9-08562E6FEA3B}
		{B587BEF0-ADEA-419F-85CA-9CCD2FB36258} = {2EEF371C-90F4-4B4F-85F9-08562E6FEA3B}
		{08FD80BB-ED2F-4E3A-A4C2-2521C8C67B30} = {2EEF371C-90F4-4B4F-85F9-08562E6FEA3B}
	EndGlobalSection
EndGlobal
